{
  "originHash" : "a9c0249549b5518b0a9c605b1447b5cd10567c3c390df6d2fa32a55f358200bb",
  "pins" : [
    {
      "identity" : "ink",
      "kind" : "remoteSourceControl",
      "location" : "https://github.com/johnsundell/ink.git",
      "state" : {
        "revision" : "bcc9f219900a62c4210e6db726035d7f03ae757b",
        "version" : "0.6.0"
      }
    },
    {
      "identity" : "pathkit",
      "kind" : "remoteSourceControl",
      "location" : "https://github.com/kylef/PathKit",
      "state" : {
        "revision" : "3bfd2737b700b9a36565a8c94f4ad2b050a5e574",
        "version" : "1.0.1"
      }
    },
    {
      "identity" : "saga",
      "kind" : "remoteSourceControl",
      "location" : "https://github.com/loopwerk/Saga",
      "state" : {
        "revision" : "a9b1165b3db3f125454926b78cca02e61016a9aa",
        "version" : "2.2.0"
      }
    },
    {
      "identity" : "sagainkmarkdownreader",
      "kind" : "remoteSourceControl",
      "location" : "https://github.com/loopwerk/SagaInkMarkdownReader",
      "state" : {
        "revision" : "016a1f00952132873490a732dc80da5f1ba1cbc0",
        "version" : "1.0.0"
      }
    },
    {
      "identity" : "sagaswimrenderer",
      "kind" : "remoteSourceControl",
      "location" : "https://github.com/loopwerk/SagaSwimRenderer",
      "state" : {
        "revision" : "b6186c767689768c5d1efc21b169947ede16c1d0",
        "version" : "1.0.0"
      }
    },
    {
      "identity" : "spectre",
      "kind" : "remoteSourceControl",
      "location" : "https://github.com/kylef/Spectre.git",
      "state" : {
        "revision" : "26cc5e9ae0947092c7139ef7ba612e34646086c7",
        "version" : "0.10.1"
      }
    },
    {
      "identity" : "splash",
      "kind" : "remoteSourceControl",
      "location" : "https://github.com/JohnSundell/Splash",
      "state" : {
        "revision" : "7f4df436eb78fe64fe2c32c58006e9949fa28ad8",
        "version" : "0.16.0"
      }
    },
    {
      "identity" : "swim",
      "kind" : "remoteSourceControl",
      "location" : "https://github.com/robb/Swim",
      "state" : {
        "revision" : "a0943e6f3cb5751ee7b69ed43a33613ea67d0c6a",
        "version" : "0.4.0"
      }
    }
  ],
  "version" : 3
}
